{
    "hash": "edbdbe19b185950a241eadfcf31043d5",
    "packages": [
        {
            "package": "facebook/php-sdk",
            "version": "dev-master",
            "source-reference": "5e14dc3729ba52bd4ee188ffc202611250b2e8f8",
            "commit-date": "1342487814"
        }
    ],
    "packages-dev": null,
    "aliases": [

    ],
    "minimum-stability": "stable",
    "stability-flags": [

    ]
}
