{
    "hash": "edbdbe19b185950a241eadfcf31043d5",
    "packages": [
        {
            "package": "facebook/php-sdk",
            "version": "dev-master",
            "source-reference": "8884b72db7b328090ed2e84075593dcdf42d04b7",
            "commit-date": "1341255573"
        }
    ],
    "packages-dev": null,
    "aliases": [

    ],
    "minimum-stability": "dev",
    "stability-flags": [

    ]
}
