{
    "hash": "edbdbe19b185950a241eadfcf31043d5",
    "packages": [
        {
            "package": "facebook/php-sdk",
            "version": "dev-master",
            "source-reference": "71976b0ce565a6711f4b3c44a57c90867369db0d",
            "commit-date": "1340342019"
        }
    ],
    "packages-dev": null,
    "aliases": [

    ],
    "minimum-stability": "dev",
    "stability-flags": [

    ]
}
